
Microsoft Visual Studio Solution File, Format Version 12.00
# Visual Studio Version 17
VisualStudioVersion = 17.13.35825.156
MinimumVisualStudioVersion = 10.0.40219.1
Project("{8BC9CEB8-8B4A-11D0-8D11-00A0C91BC942}") = "Engine", "Engine\Engine.vcxproj", "{9F8B7D36-E4AA-4C3F-AADE-81FB4BA00603}"
EndProject
Project("{8BC9CEB8-8B4A-11D0-8D11-00A0C91BC942}") = "Content", "Contents\Contents.vcxproj", "{72E55F47-4E9C-41F5-962D-5B96A402C2E6}"
	ProjectSection(ProjectDependencies) = postProject
		{9F8B7D36-E4AA-4C3F-AADE-81FB4BA00603} = {9F8B7D36-E4AA-4C3F-AADE-81FB4BA00603}
	EndProjectSection
EndProject
Project("{8BC9CEB8-8B4A-11D0-8D11-00A0C91BC942}") = "Work_HSK", "WorkSpace\HSK\HSK.vcxproj", "{A9F98E09-C40B-46CF-AA93-FB0383BC6525}"
EndProject
Project("{8BC9CEB8-8B4A-11D0-8D11-00A0C91BC942}") = "Work_KJH", "WorkSpace\KJH\KJH.vcxproj", "{8A908BDA-2071-4AF2-B409-ED50D04310F6}"
EndProject
Project("{8BC9CEB8-8B4A-11D0-8D11-00A0C91BC942}") = "Work_ASB", "WorkSpace\ASB\ASB.vcxproj", "{6EF4C868-D6CC-429C-A7C7-63950FAC1458}"
EndProject
Project("{8BC9CEB8-8B4A-11D0-8D11-00A0C91BC942}") = "Work_LSH", "WorkSpace\LSH\LSH.vcxproj", "{FEA027D0-662F-481F-9C1C-172082F0E0E0}"
EndProject
Global
	GlobalSection(SolutionConfigurationPlatforms) = preSolution
		ASB|x64 = ASB|x64
		ASB|x86 = ASB|x86
		Debug|x64 = Debug|x64
		Debug|x86 = Debug|x86
		HSK|x64 = HSK|x64
		HSK|x86 = HSK|x86
		KJH|x64 = KJH|x64
		KJH|x86 = KJH|x86
		LSH|x64 = LSH|x64
		LSH|x86 = LSH|x86
		Release|x64 = Release|x64
		Release|x86 = Release|x86
	EndGlobalSection
	GlobalSection(ProjectConfigurationPlatforms) = postSolution
		{9F8B7D36-E4AA-4C3F-AADE-81FB4BA00603}.ASB|x64.ActiveCfg = ASB|x64
		{9F8B7D36-E4AA-4C3F-AADE-81FB4BA00603}.ASB|x64.Build.0 = ASB|x64
		{9F8B7D36-E4AA-4C3F-AADE-81FB4BA00603}.ASB|x86.ActiveCfg = ASB|Win32
		{9F8B7D36-E4AA-4C3F-AADE-81FB4BA00603}.ASB|x86.Build.0 = ASB|Win32
		{9F8B7D36-E4AA-4C3F-AADE-81FB4BA00603}.Debug|x64.ActiveCfg = Debug|x64
		{9F8B7D36-E4AA-4C3F-AADE-81FB4BA00603}.Debug|x64.Build.0 = Debug|x64
		{9F8B7D36-E4AA-4C3F-AADE-81FB4BA00603}.Debug|x86.ActiveCfg = Debug|Win32
		{9F8B7D36-E4AA-4C3F-AADE-81FB4BA00603}.Debug|x86.Build.0 = Debug|Win32
		{9F8B7D36-E4AA-4C3F-AADE-81FB4BA00603}.HSK|x64.ActiveCfg = HSK|x64
		{9F8B7D36-E4AA-4C3F-AADE-81FB4BA00603}.HSK|x64.Build.0 = HSK|x64
		{9F8B7D36-E4AA-4C3F-AADE-81FB4BA00603}.HSK|x86.ActiveCfg = HSK|Win32
		{9F8B7D36-E4AA-4C3F-AADE-81FB4BA00603}.HSK|x86.Build.0 = HSK|Win32
		{9F8B7D36-E4AA-4C3F-AADE-81FB4BA00603}.KJH|x64.ActiveCfg = KJH|x64
		{9F8B7D36-E4AA-4C3F-AADE-81FB4BA00603}.KJH|x64.Build.0 = KJH|x64
		{9F8B7D36-E4AA-4C3F-AADE-81FB4BA00603}.KJH|x86.ActiveCfg = KJH|Win32
		{9F8B7D36-E4AA-4C3F-AADE-81FB4BA00603}.KJH|x86.Build.0 = KJH|Win32
		{9F8B7D36-E4AA-4C3F-AADE-81FB4BA00603}.LSH|x64.ActiveCfg = LSH|x64
		{9F8B7D36-E4AA-4C3F-AADE-81FB4BA00603}.LSH|x64.Build.0 = LSH|x64
		{9F8B7D36-E4AA-4C3F-AADE-81FB4BA00603}.LSH|x86.ActiveCfg = LSH|Win32
		{9F8B7D36-E4AA-4C3F-AADE-81FB4BA00603}.LSH|x86.Build.0 = LSH|Win32
		{9F8B7D36-E4AA-4C3F-AADE-81FB4BA00603}.Release|x64.ActiveCfg = Release|x64
		{9F8B7D36-E4AA-4C3F-AADE-81FB4BA00603}.Release|x64.Build.0 = Release|x64
		{9F8B7D36-E4AA-4C3F-AADE-81FB4BA00603}.Release|x86.ActiveCfg = Release|Win32
		{9F8B7D36-E4AA-4C3F-AADE-81FB4BA00603}.Release|x86.Build.0 = Release|Win32
		{72E55F47-4E9C-41F5-962D-5B96A402C2E6}.ASB|x64.ActiveCfg = ASB|x64
		{72E55F47-4E9C-41F5-962D-5B96A402C2E6}.ASB|x86.ActiveCfg = ASB|Win32
		{72E55F47-4E9C-41F5-962D-5B96A402C2E6}.ASB|x86.Build.0 = ASB|Win32
		{72E55F47-4E9C-41F5-962D-5B96A402C2E6}.Debug|x64.ActiveCfg = Debug|x64
		{72E55F47-4E9C-41F5-962D-5B96A402C2E6}.Debug|x86.ActiveCfg = Debug|Win32
		{72E55F47-4E9C-41F5-962D-5B96A402C2E6}.Debug|x86.Build.0 = Debug|Win32
		{72E55F47-4E9C-41F5-962D-5B96A402C2E6}.HSK|x64.ActiveCfg = HSK|x64
		{72E55F47-4E9C-41F5-962D-5B96A402C2E6}.HSK|x86.ActiveCfg = HSK|Win32
		{72E55F47-4E9C-41F5-962D-5B96A402C2E6}.HSK|x86.Build.0 = HSK|Win32
		{72E55F47-4E9C-41F5-962D-5B96A402C2E6}.KJH|x64.ActiveCfg = KJH|x64
		{72E55F47-4E9C-41F5-962D-5B96A402C2E6}.KJH|x86.ActiveCfg = KJH|Win32
		{72E55F47-4E9C-41F5-962D-5B96A402C2E6}.KJH|x86.Build.0 = KJH|Win32
		{72E55F47-4E9C-41F5-962D-5B96A402C2E6}.LSH|x64.ActiveCfg = LSH|x64
		{72E55F47-4E9C-41F5-962D-5B96A402C2E6}.LSH|x86.ActiveCfg = LSH|Win32
		{72E55F47-4E9C-41F5-962D-5B96A402C2E6}.LSH|x86.Build.0 = LSH|Win32
		{72E55F47-4E9C-41F5-962D-5B96A402C2E6}.Release|x64.ActiveCfg = Release|x64
		{72E55F47-4E9C-41F5-962D-5B96A402C2E6}.Release|x64.Build.0 = Release|x64
		{72E55F47-4E9C-41F5-962D-5B96A402C2E6}.Release|x86.ActiveCfg = Release|Win32
		{72E55F47-4E9C-41F5-962D-5B96A402C2E6}.Release|x86.Build.0 = Release|Win32
		{A9F98E09-C40B-46CF-AA93-FB0383BC6525}.ASB|x64.ActiveCfg = ASB|x64
		{A9F98E09-C40B-46CF-AA93-FB0383BC6525}.ASB|x86.ActiveCfg = ASB|Win32
		{A9F98E09-C40B-46CF-AA93-FB0383BC6525}.Debug|x64.ActiveCfg = Debug|x64
		{A9F98E09-C40B-46CF-AA93-FB0383BC6525}.Debug|x86.ActiveCfg = Debug|Win32
		{A9F98E09-C40B-46CF-AA93-FB0383BC6525}.Debug|x86.Build.0 = Debug|Win32
		{A9F98E09-C40B-46CF-AA93-FB0383BC6525}.HSK|x64.ActiveCfg = HSK|x64
		{A9F98E09-C40B-46CF-AA93-FB0383BC6525}.HSK|x64.Build.0 = HSK|x64
		{A9F98E09-C40B-46CF-AA93-FB0383BC6525}.HSK|x86.ActiveCfg = HSK|Win32
		{A9F98E09-C40B-46CF-AA93-FB0383BC6525}.KJH|x64.ActiveCfg = KJH|x64
		{A9F98E09-C40B-46CF-AA93-FB0383BC6525}.KJH|x86.ActiveCfg = KJH|Win32
		{A9F98E09-C40B-46CF-AA93-FB0383BC6525}.LSH|x64.ActiveCfg = LSH|x64
		{A9F98E09-C40B-46CF-AA93-FB0383BC6525}.LSH|x86.ActiveCfg = LSH|Win32
		{A9F98E09-C40B-46CF-AA93-FB0383BC6525}.Release|x64.ActiveCfg = Release|x64
		{A9F98E09-C40B-46CF-AA93-FB0383BC6525}.Release|x86.ActiveCfg = Release|Win32
		{A9F98E09-C40B-46CF-AA93-FB0383BC6525}.Release|x86.Build.0 = Release|Win32
		{8A908BDA-2071-4AF2-B409-ED50D04310F6}.ASB|x64.ActiveCfg = ASB|x64
		{8A908BDA-2071-4AF2-B409-ED50D04310F6}.ASB|x86.ActiveCfg = ASB|Win32
		{8A908BDA-2071-4AF2-B409-ED50D04310F6}.Debug|x64.ActiveCfg = Debug|x64
		{8A908BDA-2071-4AF2-B409-ED50D04310F6}.Debug|x86.ActiveCfg = Debug|Win32
		{8A908BDA-2071-4AF2-B409-ED50D04310F6}.Debug|x86.Build.0 = Debug|Win32
		{8A908BDA-2071-4AF2-B409-ED50D04310F6}.HSK|x64.ActiveCfg = HSK|x64
		{8A908BDA-2071-4AF2-B409-ED50D04310F6}.HSK|x86.ActiveCfg = HSK|Win32
		{8A908BDA-2071-4AF2-B409-ED50D04310F6}.KJH|x64.ActiveCfg = KJH|x64
		{8A908BDA-2071-4AF2-B409-ED50D04310F6}.KJH|x64.Build.0 = KJH|x64
		{8A908BDA-2071-4AF2-B409-ED50D04310F6}.KJH|x86.ActiveCfg = KJH|Win32
		{8A908BDA-2071-4AF2-B409-ED50D04310F6}.LSH|x64.ActiveCfg = LSH|x64
		{8A908BDA-2071-4AF2-B409-ED50D04310F6}.LSH|x86.ActiveCfg = LSH|Win32
		{8A908BDA-2071-4AF2-B409-ED50D04310F6}.Release|x64.ActiveCfg = Release|x64
		{8A908BDA-2071-4AF2-B409-ED50D04310F6}.Release|x86.ActiveCfg = Release|Win32
		{8A908BDA-2071-4AF2-B409-ED50D04310F6}.Release|x86.Build.0 = Release|Win32
		{6EF4C868-D6CC-429C-A7C7-63950FAC1458}.ASB|x64.ActiveCfg = ASB|x64
		{6EF4C868-D6CC-429C-A7C7-63950FAC1458}.ASB|x64.Build.0 = ASB|x64
		{6EF4C868-D6CC-429C-A7C7-63950FAC1458}.ASB|x86.ActiveCfg = ASB|Win32
		{6EF4C868-D6CC-429C-A7C7-63950FAC1458}.Debug|x64.ActiveCfg = Debug|x64
		{6EF4C868-D6CC-429C-A7C7-63950FAC1458}.Debug|x64.Build.0 = Debug|x64
		{6EF4C868-D6CC-429C-A7C7-63950FAC1458}.Debug|x86.ActiveCfg = Debug|Win32
		{6EF4C868-D6CC-429C-A7C7-63950FAC1458}.Debug|x86.Build.0 = Debug|Win32
		{6EF4C868-D6CC-429C-A7C7-63950FAC1458}.HSK|x64.ActiveCfg = HSK|x64
		{6EF4C868-D6CC-429C-A7C7-63950FAC1458}.HSK|x86.ActiveCfg = HSK|Win32
		{6EF4C868-D6CC-429C-A7C7-63950FAC1458}.KJH|x64.ActiveCfg = KJH|x64
		{6EF4C868-D6CC-429C-A7C7-63950FAC1458}.KJH|x86.ActiveCfg = KJH|Win32
		{6EF4C868-D6CC-429C-A7C7-63950FAC1458}.LSH|x64.ActiveCfg = LSH|x64
		{6EF4C868-D6CC-429C-A7C7-63950FAC1458}.LSH|x86.ActiveCfg = LSH|Win32
		{6EF4C868-D6CC-429C-A7C7-63950FAC1458}.Release|x64.ActiveCfg = Release|x64
		{6EF4C868-D6CC-429C-A7C7-63950FAC1458}.Release|x86.ActiveCfg = Release|Win32
		{6EF4C868-D6CC-429C-A7C7-63950FAC1458}.Release|x86.Build.0 = Release|Win32
		{FEA027D0-662F-481F-9C1C-172082F0E0E0}.ASB|x64.ActiveCfg = ASB|x64
		{FEA027D0-662F-481F-9C1C-172082F0E0E0}.ASB|x86.ActiveCfg = ASB|Win32
		{FEA027D0-662F-481F-9C1C-172082F0E0E0}.Debug|x64.ActiveCfg = Debug|x64
		{FEA027D0-662F-481F-9C1C-172082F0E0E0}.Debug|x86.ActiveCfg = Debug|Win32
		{FEA027D0-662F-481F-9C1C-172082F0E0E0}.Debug|x86.Build.0 = Debug|Win32
		{FEA027D0-662F-481F-9C1C-172082F0E0E0}.HSK|x64.ActiveCfg = HSK|x64
		{FEA027D0-662F-481F-9C1C-172082F0E0E0}.HSK|x86.ActiveCfg = HSK|Win32
		{FEA027D0-662F-481F-9C1C-172082F0E0E0}.KJH|x64.ActiveCfg = KJH|x64
		{FEA027D0-662F-481F-9C1C-172082F0E0E0}.KJH|x86.ActiveCfg = KJH|Win32
		{FEA027D0-662F-481F-9C1C-172082F0E0E0}.LSH|x64.ActiveCfg = LSH|x64
		{FEA027D0-662F-481F-9C1C-172082F0E0E0}.LSH|x64.Build.0 = LSH|x64
		{FEA027D0-662F-481F-9C1C-172082F0E0E0}.LSH|x86.ActiveCfg = LSH|Win32
		{FEA027D0-662F-481F-9C1C-172082F0E0E0}.Release|x64.ActiveCfg = Release|x64
		{FEA027D0-662F-481F-9C1C-172082F0E0E0}.Release|x86.ActiveCfg = Release|Win32
		{FEA027D0-662F-481F-9C1C-172082F0E0E0}.Release|x86.Build.0 = Release|Win32
	EndGlobalSection
	GlobalSection(SolutionProperties) = preSolution
		HideSolutionNode = FALSE
	EndGlobalSection
	GlobalSection(ExtensibilityGlobals) = postSolution
		SolutionGuid = {E161396D-C8C5-477E-8FED-7307C66A6AA5}
	EndGlobalSection
EndGlobal
