<?xml version="1.0" encoding="utf-8"?>
<Project ToolsVersion="4.0" xmlns="http://schemas.microsoft.com/developer/msbuild/2003">
  <ItemGroup>
    <ClCompile Include="TestColliderApp\App\TestColliderApp.cpp">
      <Filter>App</Filter>
    </ClCompile>
    <ClCompile Include="TestColliderApp\Scenes\CircleColliderScene.cpp">
      <Filter>Scene</Filter>
    </ClCompile>
    <ClCompile Include="Application\Game.cpp" />
    <ClCompile Include="TestColliderApp\Scripts\TestCircleCollider.cpp">
      <Filter>Scripts</Filter>
    </ClCompile>
    <ClCompile Include="TestColliderApp\Scripts\DummyCircleCollider.cpp">
      <Filter>Scripts</Filter>
    </ClCompile>
    <ClCompile Include="TestColliderApp\Scripts\DummyButton.cpp">
      <Filter>Scripts</Filter>
    </ClCompile>
    <ClCompile Include="TestColliderApp\Scripts\DummyEffectAnimation.cpp">
      <Filter>Scripts</Filter>
    </ClCompile>
    <ClCompile Include="TestColliderApp\Scripts\SliceObject\PieceObject.cpp">
      <Filter>Scripts\SliceObject</Filter>
    </ClCompile>
    <ClCompile Include="TestColliderApp\Scripts\SliceObject\SplitObject.cpp">
      <Filter>Scripts\SliceObject</Filter>
    </ClCompile>
    <ClCompile Include="TestColliderApp\Scripts\SliceObject\TestSliceCursor.cpp">
      <Filter>Scripts\SliceObject</Filter>
    </ClCompile>
    <ClCompile Include="TestColliderApp\Scenes\SliceObjectScene.cpp">
      <Filter>Scene</Filter>
    </ClCompile>
    <ClCompile Include="TestColliderApp\Scripts\SliceObject\SliceObject.cpp">
      <Filter>Scripts\SliceObject</Filter>
    </ClCompile>
    <ClCompile Include="TestColliderApp\Scripts\ContentObject\SliceableMenu.cpp">
      <Filter>Scripts\ContentObject</Filter>
    </ClCompile>
    <ClCompile Include="TestColliderApp\Scripts\ContentObject\EscMenuBar.cpp" />
    <ClCompile Include="TestColliderApp\Scripts\TestVignetteObject.cpp">
      <Filter>Scripts</Filter>
    </ClCompile>
  </ItemGroup>
  <ItemGroup>
    <ClInclude Include="TestColliderApp\App\TestColliderApp.h">
      <Filter>App</Filter>
    </ClInclude>
    <ClInclude Include="TestColliderApp\Scenes\CircleColliderScene.h">
      <Filter>Scene</Filter>
    </ClInclude>
    <ClInclude Include="TestColliderApp\Scripts\TestCircleCollider.h">
      <Filter>Scripts</Filter>
    </ClInclude>
    <ClInclude Include="TestColliderApp\Scripts\DummyCircleCollider.h">
      <Filter>Scripts</Filter>
    </ClInclude>
    <ClInclude Include="TestColliderApp\Scripts\DummyButton.h">
      <Filter>Scripts</Filter>
    </ClInclude>
    <ClInclude Include="TestColliderApp\Scripts\DummyEffectAnimation.h">
      <Filter>Scripts</Filter>
    </ClInclude>
    <ClInclude Include="TestColliderApp\Scripts\SliceObject\PieceObject.h">
      <Filter>Scripts\SliceObject</Filter>
    </ClInclude>
    <ClInclude Include="TestColliderApp\Scripts\SliceObject\SplitObject.h">
      <Filter>Scripts\SliceObject</Filter>
    </ClInclude>
    <ClInclude Include="TestColliderApp\Scripts\SliceObject\TestSliceCursor.h">
      <Filter>Scripts\SliceObject</Filter>
    </ClInclude>
    <ClInclude Include="TestColliderApp\Scenes\SliceObjectScene.h">
      <Filter>Scene</Filter>
    </ClInclude>
    <ClInclude Include="TestColliderApp\Scripts\SliceObject\SliceObject.h">
      <Filter>Scripts\SliceObject</Filter>
    </ClInclude>
    <ClInclude Include="TestColliderApp\Scripts\ContentObject\SliceableMenu.h">
      <Filter>Scripts\ContentObject</Filter>
    </ClInclude>
    <ClInclude Include="TestColliderApp\Scripts\ContentObject\EscMenuBar.h" />
    <ClInclude Include="TestColliderApp\Scripts\TestVignetteObject.h">
      <Filter>Scripts</Filter>
    </ClInclude>
  </ItemGroup>
  <ItemGroup>
    <Filter Include="App">
      <UniqueIdentifier>{6b0b9014-7255-42be-bfa5-e713aff0ec16}</UniqueIdentifier>
    </Filter>
    <Filter Include="Scene">
      <UniqueIdentifier>{22927b52-d0ff-413e-8370-cbafb56f85d9}</UniqueIdentifier>
    </Filter>
    <Filter Include="Scripts">
      <UniqueIdentifier>{40aa62a8-f8f3-4da1-a9d7-a5dcea343c28}</UniqueIdentifier>
    </Filter>
    <Filter Include="Scripts\SliceObject">
      <UniqueIdentifier>{a8d5482c-9273-4cf9-a820-f8f8f4f88eb6}</UniqueIdentifier>
    </Filter>
    <Filter Include="Scripts\ContentObject">
      <UniqueIdentifier>{c6ae037e-f996-458f-a59a-aeccfa234f73}</UniqueIdentifier>
    </Filter>
  </ItemGroup>
</Project>