<?xml version="1.0" encoding="utf-8"?>
<Project ToolsVersion="4.0" xmlns="http://schemas.microsoft.com/developer/msbuild/2003">
  <ItemGroup>
    <Filter Include="App">
      <UniqueIdentifier>{339354dd-9b05-47c6-9e3f-a5f75b225c84}</UniqueIdentifier>
    </Filter>
    <Filter Include="Scene">
      <UniqueIdentifier>{2e4fed46-b675-4a4b-b0fa-40d7a1d248dc}</UniqueIdentifier>
    </Filter>
    <Filter Include="Scripts">
      <UniqueIdentifier>{b7a83ec4-ae2b-4804-a48e-e0eec54c2aca}</UniqueIdentifier>
    </Filter>
    <Filter Include="Objects">
      <UniqueIdentifier>{1dd4e186-6f63-442e-8e5a-9977f84cb2fe}</UniqueIdentifier>
    </Filter>
    <Filter Include="Objects\TitleScene">
      <UniqueIdentifier>{58ad0f72-a0f3-43ae-bd4b-e0f20430317b}</UniqueIdentifier>
    </Filter>
    <Filter Include="Objects\Stage">
      <UniqueIdentifier>{4d699e70-f2ca-4084-91ca-79a5a1eea7f3}</UniqueIdentifier>
    </Filter>
    <Filter Include="Scene\.h">
      <UniqueIdentifier>{9eff161a-10d2-4685-9fa3-c8045f3120d7}</UniqueIdentifier>
    </Filter>
    <Filter Include="Scene\.cpp">
      <UniqueIdentifier>{268f4596-4b94-42fb-af54-1c620c1b15c0}</UniqueIdentifier>
    </Filter>
    <Filter Include="Objects\Manager">
      <UniqueIdentifier>{30819737-9d94-49c4-8c52-e91222f06f68}</UniqueIdentifier>
    </Filter>
    <Filter Include="Objects\SceneObject">
      <UniqueIdentifier>{3a38e3c2-cff4-4284-be6f-55664643283d}</UniqueIdentifier>
    </Filter>
    <Filter Include="Objects\SceneObject\EndScene">
      <UniqueIdentifier>{0a575401-185b-4db7-90a4-55a20f5f029d}</UniqueIdentifier>
    </Filter>
    <Filter Include="Objects\SceneObject\MenuScene">
      <UniqueIdentifier>{774717f3-9570-482e-8052-dea77393eb06}</UniqueIdentifier>
    </Filter>
    <Filter Include="Objects\SceneObject\SelectScene">
      <UniqueIdentifier>{2c2bdabf-7125-4214-8ae9-e42aa67304ac}</UniqueIdentifier>
    </Filter>
  </ItemGroup>
  <ItemGroup>
    <ClCompile Include="Application\Game.cpp">
      <Filter>App</Filter>
    </ClCompile>
    <ClCompile Include="Application\GameApp.cpp">
      <Filter>App</Filter>
    </ClCompile>
    <ClCompile Include="Scenes\EndScene.cpp">
      <Filter>Scene\.cpp</Filter>
    </ClCompile>
    <ClCompile Include="Scenes\MenuScene.cpp">
      <Filter>Scene\.cpp</Filter>
    </ClCompile>
    <ClCompile Include="Scenes\SelectScene.cpp">
      <Filter>Scene\.cpp</Filter>
    </ClCompile>
    <ClCompile Include="Scenes\Stage1.cpp">
      <Filter>Scene\.cpp</Filter>
    </ClCompile>
    <ClCompile Include="Scenes\Stage2.cpp">
      <Filter>Scene\.cpp</Filter>
    </ClCompile>
    <ClCompile Include="Scenes\Stage3.cpp">
      <Filter>Scene\.cpp</Filter>
    </ClCompile>
    <ClCompile Include="Scenes\TitleScene.cpp">
      <Filter>Scene\.cpp</Filter>
    </ClCompile>
    <ClCompile Include="Objects\Stage\NodeObject.cpp">
      <Filter>Objects\Stage</Filter>
    </ClCompile>
    <ClCompile Include="Objects\TestObject.cpp">
      <Filter>Objects</Filter>
    </ClCompile>
    <ClCompile Include="Objects\InputObject.cpp">
      <Filter>Objects</Filter>
    </ClCompile>
    <ClCompile Include="Objects\Manager\PatternManager.cpp">
      <Filter>Objects\Manager</Filter>
    </ClCompile>
    <ClCompile Include="Objects\MouseTrailObject.cpp">
      <Filter>Objects</Filter>
    </ClCompile>
    <ClCompile Include="Objects\EndScene\EndSceneBGI.cpp">
      <Filter>Objects\SceneObject\EndScene</Filter>
    </ClCompile>
    <ClCompile Include="Objects\MenuScene\MenuSceneBGI.cpp">
      <Filter>Objects\SceneObject\MenuScene</Filter>
    </ClCompile>
    <ClCompile Include="Objects\SelectScene\SelectSceneBGI.cpp">
      <Filter>Objects\SceneObject\SelectScene</Filter>
    </ClCompile>
    <ClCompile Include="Objects\TitleScene\TitleSceneBGI.cpp">
      <Filter>Objects\TitleScene</Filter>
    </ClCompile>
    <ClCompile Include="Objects\Stage\StageBGI.cpp">
      <Filter>Objects\Stage</Filter>
    </ClCompile>
  </ItemGroup>
  <ItemGroup>
    <ClInclude Include="Application\GameApp.h">
      <Filter>App</Filter>
    </ClInclude>
    <ClInclude Include="Scripts\SceneCore.h">
      <Filter>Scripts</Filter>
    </ClInclude>
    <ClInclude Include="Scenes\EndScene.h">
      <Filter>Scene\.h</Filter>
    </ClInclude>
    <ClInclude Include="Scenes\MenuScene.h">
      <Filter>Scene\.h</Filter>
    </ClInclude>
    <ClInclude Include="Scenes\SelectScene.h">
      <Filter>Scene\.h</Filter>
    </ClInclude>
    <ClInclude Include="Scenes\Stage1.h">
      <Filter>Scene\.h</Filter>
    </ClInclude>
    <ClInclude Include="Scenes\Stage2.h">
      <Filter>Scene\.h</Filter>
    </ClInclude>
    <ClInclude Include="Scenes\Stage3.h">
      <Filter>Scene\.h</Filter>
    </ClInclude>
    <ClInclude Include="Scenes\TitleScene.h">
      <Filter>Scene\.h</Filter>
    </ClInclude>
    <ClInclude Include="Objects\Stage\NodeObject.h">
      <Filter>Objects\Stage</Filter>
    </ClInclude>
    <ClInclude Include="Objects\TestObject.h">
      <Filter>Objects</Filter>
    </ClInclude>
    <ClInclude Include="Objects\InputObject.h">
      <Filter>Objects</Filter>
    </ClInclude>
    <ClInclude Include="Objects\Manager\PatternManager.h">
      <Filter>Objects\Manager</Filter>
    </ClInclude>
    <ClInclude Include="Objects\MouseTrailObject.h">
      <Filter>Objects</Filter>
    </ClInclude>
    <ClInclude Include="Objects\EndScene\EndSceneBGI.h">
      <Filter>Objects\SceneObject\EndScene</Filter>
    </ClInclude>
    <ClInclude Include="Objects\MenuScene\MenuSceneBGI.h">
      <Filter>Objects\SceneObject\MenuScene</Filter>
    </ClInclude>
    <ClInclude Include="Objects\SelectScene\SelectSceneBGI.h">
      <Filter>Objects\SceneObject\SelectScene</Filter>
    </ClInclude>
    <ClInclude Include="Objects\TitleScene\TitleSceneBGI.h">
      <Filter>Objects\TitleScene</Filter>
    </ClInclude>
    <ClInclude Include="Objects\Stage\StageBGI.h">
      <Filter>Objects\Stage</Filter>
    </ClInclude>
  </ItemGroup>
</Project>