<?xml version="1.0" encoding="utf-8"?>
<Project ToolsVersion="4.0" xmlns="http://schemas.microsoft.com/developer/msbuild/2003">
  <ItemGroup>
    <Filter Include="App">
      <UniqueIdentifier>{339354dd-9b05-47c6-9e3f-a5f75b225c84}</UniqueIdentifier>
    </Filter>
    <Filter Include="Scene">
      <UniqueIdentifier>{2e4fed46-b675-4a4b-b0fa-40d7a1d248dc}</UniqueIdentifier>
    </Filter>
    <Filter Include="Scripts">
      <UniqueIdentifier>{b7a83ec4-ae2b-4804-a48e-e0eec54c2aca}</UniqueIdentifier>
    </Filter>
    <Filter Include="Objects">
      <UniqueIdentifier>{1dd4e186-6f63-442e-8e5a-9977f84cb2fe}</UniqueIdentifier>
    </Filter>
    <Filter Include="Scene\.h">
      <UniqueIdentifier>{9eff161a-10d2-4685-9fa3-c8045f3120d7}</UniqueIdentifier>
    </Filter>
    <Filter Include="Scene\.cpp">
      <UniqueIdentifier>{268f4596-4b94-42fb-af54-1c620c1b15c0}</UniqueIdentifier>
    </Filter>
    <Filter Include="Objects\Manager">
      <UniqueIdentifier>{30819737-9d94-49c4-8c52-e91222f06f68}</UniqueIdentifier>
    </Filter>
    <Filter Include="Objects\SceneObject">
      <UniqueIdentifier>{3a38e3c2-cff4-4284-be6f-55664643283d}</UniqueIdentifier>
    </Filter>
    <Filter Include="Objects\SceneObject\EndScene">
      <UniqueIdentifier>{0a575401-185b-4db7-90a4-55a20f5f029d}</UniqueIdentifier>
    </Filter>
    <Filter Include="Objects\SceneObject\MenuScene">
      <UniqueIdentifier>{774717f3-9570-482e-8052-dea77393eb06}</UniqueIdentifier>
    </Filter>
    <Filter Include="Objects\SceneObject\SelectScene">
      <UniqueIdentifier>{2c2bdabf-7125-4214-8ae9-e42aa67304ac}</UniqueIdentifier>
    </Filter>
    <Filter Include="Scripts\Components">
      <UniqueIdentifier>{b56138e7-58b5-4b2f-aaf2-2b2fdf295c63}</UniqueIdentifier>
    </Filter>
    <Filter Include="Scripts\CsvData">
      <UniqueIdentifier>{0fc48a22-df20-4987-8312-bac3f4d1ef2a}</UniqueIdentifier>
    </Filter>
    <Filter Include="Scripts\LiveObject">
      <UniqueIdentifier>{f79cf8c3-3a63-4cfb-870e-321b4b7b5280}</UniqueIdentifier>
    </Filter>
    <Filter Include="Scripts\LogicManager">
      <UniqueIdentifier>{83111980-701f-4a14-8086-2aefa37fb632}</UniqueIdentifier>
    </Filter>
    <Filter Include="Scripts\CsvData\DataClass">
      <UniqueIdentifier>{74300a39-f407-4fc7-9f61-7aec94ac16a2}</UniqueIdentifier>
    </Filter>
    <Filter Include="Scripts\CsvData\DataStorage">
      <UniqueIdentifier>{1cb7858a-2478-40bb-b08b-017134003a1b}</UniqueIdentifier>
    </Filter>
    <Filter Include="Objects\SceneObject\TitleScene">
      <UniqueIdentifier>{58ad0f72-a0f3-43ae-bd4b-e0f20430317b}</UniqueIdentifier>
    </Filter>
    <Filter Include="Objects\Common">
      <UniqueIdentifier>{f0b601ab-ddb8-4a09-bf2c-ea3bf570681b}</UniqueIdentifier>
    </Filter>
    <Filter Include="Objects\SliceObject">
      <UniqueIdentifier>{c6803fa7-d9bd-479c-8c62-f3289d1a56aa}</UniqueIdentifier>
    </Filter>
    <Filter Include="Scripts\Effect">
      <UniqueIdentifier>{0c117a41-d587-47a4-857a-229d80db13c3}</UniqueIdentifier>
    </Filter>
    <Filter Include="Objects\SceneObject\Stage">
      <UniqueIdentifier>{4d699e70-f2ca-4084-91ca-79a5a1eea7f3}</UniqueIdentifier>
    </Filter>
    <Filter Include="Objects\SceneObject\Stage\EscMenu">
      <UniqueIdentifier>{18408eb4-7ef4-4c7b-86f6-c544076e2588}</UniqueIdentifier>
    </Filter>
    <Filter Include="Objects\SceneObject\Stage\StageResult">
      <UniqueIdentifier>{18e439a1-1c82-4ced-a601-c586fbef8e47}</UniqueIdentifier>
    </Filter>
    <Filter Include="Objects\SceneObject\Stage\Stage2">
      <UniqueIdentifier>{44f1a606-bd17-4b24-90fa-08bd8b36971d}</UniqueIdentifier>
    </Filter>
    <Filter Include="Objects\SceneObject\Stage\Stage3">
      <UniqueIdentifier>{6c96ab10-fb52-438a-b88a-3709cf49f265}</UniqueIdentifier>
    </Filter>
    <Filter Include="Scripts\BubbleBox">
      <UniqueIdentifier>{fb6091c3-ba89-487d-a275-041e5bedb90b}</UniqueIdentifier>
    </Filter>
    <Filter Include="Scripts\Camera">
      <UniqueIdentifier>{5a65e77f-3fe9-4d56-bb8c-e6de0a6c5b20}</UniqueIdentifier>
    </Filter>
    <Filter Include="Objects\SceneObject\TutorialScene">
      <UniqueIdentifier>{588cb638-718e-4eb6-b6b6-1129de6c838c}</UniqueIdentifier>
    </Filter>
  </ItemGroup>
  <ItemGroup>
    <ClCompile Include="Application\Game.cpp">
      <Filter>App</Filter>
    </ClCompile>
    <ClCompile Include="Application\GameApp.cpp">
      <Filter>App</Filter>
    </ClCompile>
    <ClCompile Include="Scenes\EndScene.cpp">
      <Filter>Scene\.cpp</Filter>
    </ClCompile>
    <ClCompile Include="Scenes\MenuScene.cpp">
      <Filter>Scene\.cpp</Filter>
    </ClCompile>
    <ClCompile Include="Scenes\SelectScene.cpp">
      <Filter>Scene\.cpp</Filter>
    </ClCompile>
    <ClCompile Include="Scenes\Stage1.cpp">
      <Filter>Scene\.cpp</Filter>
    </ClCompile>
    <ClCompile Include="Scenes\Stage2.cpp">
      <Filter>Scene\.cpp</Filter>
    </ClCompile>
    <ClCompile Include="Scenes\Stage3.cpp">
      <Filter>Scene\.cpp</Filter>
    </ClCompile>
    <ClCompile Include="Scenes\TitleScene.cpp">
      <Filter>Scene\.cpp</Filter>
    </ClCompile>
    <ClCompile Include="Objects\Scenes\Stage\NodeObject.cpp">
      <Filter>Objects\SceneObject\Stage</Filter>
    </ClCompile>
    <ClCompile Include="Objects\Manager\PatternManager.cpp">
      <Filter>Objects\Manager</Filter>
    </ClCompile>
    <ClCompile Include="Objects\Scenes\EndScene\EndSceneBGI.cpp">
      <Filter>Objects\SceneObject\EndScene</Filter>
    </ClCompile>
    <ClCompile Include="Objects\Scenes\MenuScene\MenuSceneBGI.cpp">
      <Filter>Objects\SceneObject\MenuScene</Filter>
    </ClCompile>
    <ClCompile Include="Objects\Scenes\SelectScene\SelectSceneBGI.cpp">
      <Filter>Objects\SceneObject\SelectScene</Filter>
    </ClCompile>
    <ClCompile Include="Objects\Scenes\TitleScene\TitleSceneBGI.cpp">
      <Filter>Objects\SceneObject\TitleScene</Filter>
    </ClCompile>
    <ClCompile Include="Objects\Scenes\Stage\StageBGI.cpp">
      <Filter>Objects\SceneObject\Stage</Filter>
    </ClCompile>
    <ClCompile Include="Scripts\Component\StateController.cpp">
      <Filter>Scripts\Components</Filter>
    </ClCompile>
    <ClCompile Include="Scripts\CsvData\CsvDataManager.cpp">
      <Filter>Scripts\CsvData</Filter>
    </ClCompile>
    <ClCompile Include="Scripts\CsvData\DataStorage\CsvDataStorage.cpp">
      <Filter>Scripts\CsvData\DataStorage</Filter>
    </ClCompile>
    <ClCompile Include="Scripts\LiveObject\Enemy.cpp">
      <Filter>Scripts\LiveObject</Filter>
    </ClCompile>
    <ClCompile Include="Scripts\LiveObject\Player.cpp">
      <Filter>Scripts\LiveObject</Filter>
    </ClCompile>
    <ClCompile Include="Scripts\LiveObject\LiveObject.cpp">
      <Filter>Scripts\LiveObject</Filter>
    </ClCompile>
    <ClCompile Include="Scripts\LogicManager\AttackPatternManager.cpp">
      <Filter>Scripts\LogicManager</Filter>
    </ClCompile>
    <ClCompile Include="Scripts\LogicManager\BettleManager.cpp">
      <Filter>Scripts\LogicManager</Filter>
    </ClCompile>
    <ClCompile Include="Scripts\CsvData\DataClass\AllNodePattenClass.cpp">
      <Filter>Scripts\CsvData\DataClass</Filter>
    </ClCompile>
    <ClCompile Include="Scripts\CsvData\DataClass\BaseData.cpp">
      <Filter>Scripts\CsvData\DataClass</Filter>
    </ClCompile>
    <ClCompile Include="Scripts\CsvData\DataClass\EnemyAtkPattenData.cpp">
      <Filter>Scripts\CsvData\DataClass</Filter>
    </ClCompile>
    <ClCompile Include="Scripts\CsvData\DataClass\EnemyData.cpp">
      <Filter>Scripts\CsvData\DataClass</Filter>
    </ClCompile>
    <ClCompile Include="Scripts\CsvData\DataClass\PlayerData.cpp">
      <Filter>Scripts\CsvData\DataClass</Filter>
    </ClCompile>
    <ClCompile Include="Objects\Scenes\TitleScene\TitleNodeManager.cpp">
      <Filter>Objects\SceneObject\TitleScene</Filter>
    </ClCompile>
    <ClCompile Include="Objects\Scenes\MenuScene\StageSelectManager.cpp">
      <Filter>Objects\SceneObject\MenuScene</Filter>
    </ClCompile>
    <ClCompile Include="Objects\Common\InputObject.cpp">
      <Filter>Objects\Common</Filter>
    </ClCompile>
    <ClCompile Include="Objects\Common\MouseTrailObject.cpp">
      <Filter>Objects\Common</Filter>
    </ClCompile>
    <ClCompile Include="Objects\Common\PatternControlObject.cpp">
      <Filter>Objects\Common</Filter>
    </ClCompile>
    <ClCompile Include="Objects\Common\TestObject.cpp">
      <Filter>Objects\Common</Filter>
    </ClCompile>
    <ClCompile Include="Objects\SliceObject\SliceableObject.cpp">
      <Filter>Objects\SliceObject</Filter>
    </ClCompile>
    <ClCompile Include="Objects\SliceObject\SlicedObject.cpp">
      <Filter>Objects\SliceObject</Filter>
    </ClCompile>
    <ClCompile Include="Objects\Scenes\Stage\EscMenu\EscContinueButton.cpp">
      <Filter>Objects\SceneObject\Stage\EscMenu</Filter>
    </ClCompile>
    <ClCompile Include="Objects\Scenes\Stage\EscMenu\EscExitButton.cpp">
      <Filter>Objects\SceneObject\Stage\EscMenu</Filter>
    </ClCompile>
    <ClCompile Include="Objects\Scenes\Stage\EscMenu\EscMuteButton.cpp">
      <Filter>Objects\SceneObject\Stage\EscMenu</Filter>
    </ClCompile>
    <ClCompile Include="Objects\Scenes\Stage\EscMenu\StageESCPanel.cpp">
      <Filter>Objects\SceneObject\Stage\EscMenu</Filter>
    </ClCompile>
    <ClCompile Include="Scripts\Effect\EffectObject.cpp">
      <Filter>Scripts\Effect</Filter>
    </ClCompile>
    <ClCompile Include="Scripts\Effect\EffectManager.cpp">
      <Filter>Scripts\Effect</Filter>
    </ClCompile>
    <ClCompile Include="Scripts\Effect\EffectInstance.cpp">
      <Filter>Scripts\Effect</Filter>
    </ClCompile>
    <ClCompile Include="Scripts\Effect\EffectComponent.cpp">
      <Filter>Scripts\Effect</Filter>
    </ClCompile>
    <ClCompile Include="Objects\Scenes\TitleScene\TitleEffectManager.cpp">
      <Filter>Objects\SceneObject\TitleScene</Filter>
    </ClCompile>
    <ClCompile Include="Objects\Manager\ChargedSlashManager.cpp">
      <Filter>Objects\Manager</Filter>
    </ClCompile>
    <ClCompile Include="Scripts\Slider\GiseGauge.cpp" />
    <ClCompile Include="Scripts\GameManager.cpp">
      <Filter>Scripts</Filter>
    </ClCompile>
    <ClCompile Include="Objects\Scenes\SelectScene\LevelSelectManager.cpp">
      <Filter>Objects\SceneObject\SelectScene</Filter>
    </ClCompile>
    <ClCompile Include="Scripts\HpBar\HpGauge.cpp" />
    <ClCompile Include="Objects\Scenes\Stage\EscMenu\SoundMutePanel.cpp">
      <Filter>Objects\SceneObject\Stage\EscMenu</Filter>
    </ClCompile>
    <ClCompile Include="Objects\Scenes\SelectScene\SelectEffectManager.cpp">
      <Filter>Objects\SceneObject\SelectScene</Filter>
    </ClCompile>
    <ClCompile Include="Objects\Scenes\Stage\CloudManager.cpp">
      <Filter>Objects\SceneObject\Stage</Filter>
    </ClCompile>
    <ClCompile Include="Objects\Sound\SoundEnd.cpp" />
    <ClCompile Include="Objects\Sound\SoundPlayScene.cpp" />
    <ClCompile Include="Objects\Sound\SoundTittle.cpp" />
    <ClCompile Include="Objects\Scenes\Stage\StageResult\StageResult.cpp">
      <Filter>Objects\SceneObject\Stage\StageResult</Filter>
    </ClCompile>
    <ClCompile Include="Objects\Scenes\Stage\BackboardObject.cpp">
      <Filter>Objects\SceneObject\Stage</Filter>
    </ClCompile>
    <ClCompile Include="Objects\Scenes\Stage\Stage2\StageBGI2.cpp">
      <Filter>Objects\SceneObject\Stage\Stage2</Filter>
    </ClCompile>
    <ClCompile Include="Objects\Scenes\Stage\Stage3\StageBGI3.cpp">
      <Filter>Objects\SceneObject\Stage\Stage3</Filter>
    </ClCompile>
    <ClCompile Include="Scripts\Effect\EffectMonoB.cpp">
      <Filter>Scripts\Effect</Filter>
    </ClCompile>
    <ClCompile Include="Scripts\Effect\EnemyAttackEffect.cpp">
      <Filter>Scripts\Effect</Filter>
    </ClCompile>
    <ClCompile Include="Scripts\Effect\Finaleffect.cpp">
      <Filter>Scripts\Effect</Filter>
    </ClCompile>
    <ClCompile Include="Scripts\Effect\HitEffect.cpp">
      <Filter>Scripts\Effect</Filter>
    </ClCompile>
    <ClCompile Include="Scripts\BubbleBox\BubbleBox.cpp">
      <Filter>Scripts\BubbleBox</Filter>
    </ClCompile>
    <ClCompile Include="Scripts\BubbleBox\BubbleBox2.cpp">
      <Filter>Scripts\BubbleBox</Filter>
    </ClCompile>
    <ClCompile Include="Scripts\BubbleBox\BubbleBox3.cpp">
      <Filter>Scripts\BubbleBox</Filter>
    </ClCompile>
    <ClCompile Include="Scripts\BubbleBox\BubbleBoxTittle.cpp" />
    <ClCompile Include="Objects\Scenes\Stage\StageTopUI.cpp" />
    <ClCompile Include="Objects\Scenes\Stage\StageEnemyProfile.cpp">
      <Filter>Objects\SceneObject\Stage</Filter>
    </ClCompile>
    <ClCompile Include="Objects\Scenes\Stage\StagePlayerProfile.cpp">
      <Filter>Objects\SceneObject\Stage</Filter>
    </ClCompile>
    <ClCompile Include="Scripts\Camera\CamInstance.cpp">
      <Filter>Scripts\Camera</Filter>
    </ClCompile>
    <ClCompile Include="Scripts\SelectSeal\SelectSeal.cpp" />
    <ClCompile Include="Vignette.cpp" />
    <ClCompile Include="Scripts\End\EndBackground.cpp" />
    <ClCompile Include="Scripts\BubbleBox\BubbleEnd.cpp" />
    <ClCompile Include="Objects\Common\SignBoard.cpp">
      <Filter>Objects\Common</Filter>
    </ClCompile>
    <ClCompile Include="Objects\Common\BattleBoard.cpp">
      <Filter>Objects\Common</Filter>
    </ClCompile>
    <ClCompile Include="Objects\Manager\ThinkingPatternManager.cpp">
      <Filter>Objects\Manager</Filter>
    </ClCompile>
    <ClCompile Include="Objects\Common\BlinkNodeObject.cpp">
      <Filter>Objects\Common</Filter>
    </ClCompile>
    <ClCompile Include="Scenes\TutorialScene.cpp">
      <Filter>Scene\.cpp</Filter>
    </ClCompile>
    <ClCompile Include="Objects\Scenes\TutorialScene\TutorialPatternManager.cpp">
      <Filter>Objects\SceneObject\TutorialScene</Filter>
    </ClCompile>
    <ClCompile Include="Objects\Scenes\TutorialScene\TutorialControlObject.cpp">
      <Filter>Objects\SceneObject\TutorialScene</Filter>
    </ClCompile>
    <ClCompile Include="Scripts\Effect\EffectInstance2.cpp" />
  </ItemGroup>
  <ItemGroup>
    <ClInclude Include="Application\GameApp.h">
      <Filter>App</Filter>
    </ClInclude>
    <ClInclude Include="Scripts\SceneCore.h">
      <Filter>Scripts</Filter>
    </ClInclude>
    <ClInclude Include="Scenes\EndScene.h">
      <Filter>Scene\.h</Filter>
    </ClInclude>
    <ClInclude Include="Scenes\MenuScene.h">
      <Filter>Scene\.h</Filter>
    </ClInclude>
    <ClInclude Include="Scenes\SelectScene.h">
      <Filter>Scene\.h</Filter>
    </ClInclude>
    <ClInclude Include="Scenes\Stage1.h">
      <Filter>Scene\.h</Filter>
    </ClInclude>
    <ClInclude Include="Scenes\Stage2.h">
      <Filter>Scene\.h</Filter>
    </ClInclude>
    <ClInclude Include="Scenes\Stage3.h">
      <Filter>Scene\.h</Filter>
    </ClInclude>
    <ClInclude Include="Scenes\TitleScene.h">
      <Filter>Scene\.h</Filter>
    </ClInclude>
    <ClInclude Include="Objects\Scenes\Stage\NodeObject.h">
      <Filter>Objects\SceneObject\Stage</Filter>
    </ClInclude>
    <ClInclude Include="Objects\Manager\PatternManager.h">
      <Filter>Objects\Manager</Filter>
    </ClInclude>
    <ClInclude Include="Objects\Scenes\EndScene\EndSceneBGI.h">
      <Filter>Objects\SceneObject\EndScene</Filter>
    </ClInclude>
    <ClInclude Include="Objects\Scenes\MenuScene\MenuSceneBGI.h">
      <Filter>Objects\SceneObject\MenuScene</Filter>
    </ClInclude>
    <ClInclude Include="Objects\Scenes\SelectScene\SelectSceneBGI.h">
      <Filter>Objects\SceneObject\SelectScene</Filter>
    </ClInclude>
    <ClInclude Include="Objects\Scenes\TitleScene\TitleSceneBGI.h">
      <Filter>Objects\SceneObject\TitleScene</Filter>
    </ClInclude>
    <ClInclude Include="Objects\Scenes\Stage\StageBGI.h">
      <Filter>Objects\SceneObject\Stage</Filter>
    </ClInclude>
    <ClInclude Include="Scripts\Component\StateController.h">
      <Filter>Scripts\Components</Filter>
    </ClInclude>
    <ClInclude Include="Scripts\CsvData\CsvDataManager.h">
      <Filter>Scripts\CsvData</Filter>
    </ClInclude>
    <ClInclude Include="Scripts\CsvData\DataStorage\CsvDataStorage.h">
      <Filter>Scripts\CsvData\DataStorage</Filter>
    </ClInclude>
    <ClInclude Include="Scripts\LiveObject\Enemy.h">
      <Filter>Scripts\LiveObject</Filter>
    </ClInclude>
    <ClInclude Include="Scripts\LiveObject\Player.h">
      <Filter>Scripts\LiveObject</Filter>
    </ClInclude>
    <ClInclude Include="Scripts\LiveObject\LiveObject.h">
      <Filter>Scripts\LiveObject</Filter>
    </ClInclude>
    <ClInclude Include="Scripts\LogicManager\AttackPatternManager.h">
      <Filter>Scripts\LogicManager</Filter>
    </ClInclude>
    <ClInclude Include="Scripts\LogicManager\BettleManager.h">
      <Filter>Scripts\LogicManager</Filter>
    </ClInclude>
    <ClInclude Include="Scripts\CsvData\DataClass\AllNodePattenClass.h">
      <Filter>Scripts\CsvData\DataClass</Filter>
    </ClInclude>
    <ClInclude Include="Scripts\CsvData\DataClass\BaseData.h">
      <Filter>Scripts\CsvData\DataClass</Filter>
    </ClInclude>
    <ClInclude Include="Scripts\CsvData\DataClass\EnemyAtkPattenData.h">
      <Filter>Scripts\CsvData\DataClass</Filter>
    </ClInclude>
    <ClInclude Include="Scripts\CsvData\DataClass\EnemyData.h">
      <Filter>Scripts\CsvData\DataClass</Filter>
    </ClInclude>
    <ClInclude Include="Scripts\CsvData\DataClass\PlayerData.h">
      <Filter>Scripts\CsvData\DataClass</Filter>
    </ClInclude>
    <ClInclude Include="Objects\Scenes\TitleScene\TitleNodeManager.h">
      <Filter>Objects\SceneObject\TitleScene</Filter>
    </ClInclude>
    <ClInclude Include="Objects\Scenes\MenuScene\StageSelectManager.h">
      <Filter>Objects\SceneObject\MenuScene</Filter>
    </ClInclude>
    <ClInclude Include="Objects\Common\InputObject.h">
      <Filter>Objects\Common</Filter>
    </ClInclude>
    <ClInclude Include="Objects\Common\MouseTrailObject.h">
      <Filter>Objects\Common</Filter>
    </ClInclude>
    <ClInclude Include="Objects\Common\PatternControlObject.h">
      <Filter>Objects\Common</Filter>
    </ClInclude>
    <ClInclude Include="Objects\Common\TestObject.h">
      <Filter>Objects\Common</Filter>
    </ClInclude>
    <ClInclude Include="Objects\SliceObject\SliceableObject.h">
      <Filter>Objects\SliceObject</Filter>
    </ClInclude>
    <ClInclude Include="Objects\SliceObject\SlicedObject.h">
      <Filter>Objects\SliceObject</Filter>
    </ClInclude>
    <ClInclude Include="Objects\Scenes\Stage\EscMenu\EscContinueButton.h">
      <Filter>Objects\SceneObject\Stage\EscMenu</Filter>
    </ClInclude>
    <ClInclude Include="Objects\Scenes\Stage\EscMenu\EscExitButton.h">
      <Filter>Objects\SceneObject\Stage\EscMenu</Filter>
    </ClInclude>
    <ClInclude Include="Objects\Scenes\Stage\EscMenu\EscMuteButton.h">
      <Filter>Objects\SceneObject\Stage\EscMenu</Filter>
    </ClInclude>
    <ClInclude Include="Objects\Scenes\Stage\EscMenu\StageESCPanel.h">
      <Filter>Objects\SceneObject\Stage\EscMenu</Filter>
    </ClInclude>
    <ClInclude Include="Scripts\Effect\EffectObject.h">
      <Filter>Scripts\Effect</Filter>
    </ClInclude>
    <ClInclude Include="Scripts\Effect\EffectManager.h">
      <Filter>Scripts\Effect</Filter>
    </ClInclude>
    <ClInclude Include="Scripts\Effect\EffectInstance.h">
      <Filter>Scripts\Effect</Filter>
    </ClInclude>
    <ClInclude Include="Scripts\Effect\EffectComponent.h">
      <Filter>Scripts\Effect</Filter>
    </ClInclude>
    <ClInclude Include="Objects\Scenes\TitleScene\TitleEffectManager.h">
      <Filter>Objects\SceneObject\TitleScene</Filter>
    </ClInclude>
    <ClInclude Include="Objects\Manager\ChargedSlashManager.h">
      <Filter>Objects\Manager</Filter>
    </ClInclude>
    <ClInclude Include="Scripts\Slider\GiseGauge.h" />
    <ClInclude Include="Scripts\GameManager.h">
      <Filter>Scripts</Filter>
    </ClInclude>
    <ClInclude Include="Objects\Scenes\SelectScene\LevelSelectManager.h">
      <Filter>Objects\SceneObject\SelectScene</Filter>
    </ClInclude>
    <ClInclude Include="Scripts\HpBar\HpGauge.h" />
    <ClInclude Include="Objects\Scenes\Stage\EscMenu\SoundMutePanel.h">
      <Filter>Objects\SceneObject\Stage\EscMenu</Filter>
    </ClInclude>
    <ClInclude Include="Objects\Scenes\TitleScene\EffectProgress.h">
      <Filter>Objects\SceneObject\TitleScene</Filter>
    </ClInclude>
    <ClInclude Include="Objects\Scenes\SelectScene\SelectEffectManager.h">
      <Filter>Objects\SceneObject\SelectScene</Filter>
    </ClInclude>
    <ClInclude Include="Objects\Scenes\Stage\CloudManager.h">
      <Filter>Objects\SceneObject\Stage</Filter>
    </ClInclude>
    <ClInclude Include="Objects\Sound\SoundEnd.h" />
    <ClInclude Include="Objects\Sound\SoundPlayScene.h" />
    <ClInclude Include="Objects\Sound\SoundTittle.h" />
    <ClInclude Include="Objects\Scenes\Stage\StageResult\StageResult.h">
      <Filter>Objects\SceneObject\Stage\StageResult</Filter>
    </ClInclude>
    <ClInclude Include="Objects\Scenes\Stage\BackboardObject.h">
      <Filter>Objects\SceneObject\Stage</Filter>
    </ClInclude>
    <ClInclude Include="Objects\Scenes\Stage\Stage2\StageBGI2.h">
      <Filter>Objects\SceneObject\Stage\Stage2</Filter>
    </ClInclude>
    <ClInclude Include="Objects\Scenes\Stage\Stage3\StageBGI3.h">
      <Filter>Objects\SceneObject\Stage\Stage3</Filter>
    </ClInclude>
    <ClInclude Include="Scripts\Effect\EffectMonoB.h">
      <Filter>Scripts\Effect</Filter>
    </ClInclude>
    <ClInclude Include="Scripts\Effect\EnemyAttackEffect.h">
      <Filter>Scripts\Effect</Filter>
    </ClInclude>
    <ClInclude Include="Scripts\Effect\Finaleffect.h">
      <Filter>Scripts\Effect</Filter>
    </ClInclude>
    <ClInclude Include="Scripts\Effect\HitEffect.h">
      <Filter>Scripts\Effect</Filter>
    </ClInclude>
    <ClInclude Include="Scripts\BubbleBox\BubbleBox2.h">
      <Filter>Scripts\BubbleBox</Filter>
    </ClInclude>
    <ClInclude Include="Scripts\BubbleBox\BubbleBox.h">
      <Filter>Scripts\BubbleBox</Filter>
    </ClInclude>
    <ClInclude Include="Scripts\BubbleBox\BubbleBox3.h">
      <Filter>Scripts\BubbleBox</Filter>
    </ClInclude>
    <ClInclude Include="Scripts\BubbleBox\BubbleBoxTittle.h" />
    <ClInclude Include="Objects\Scenes\Stage\StageTopUI.h" />
    <ClInclude Include="Objects\Scenes\Stage\StagePlayerProfile.h">
      <Filter>Objects\SceneObject\Stage</Filter>
    </ClInclude>
    <ClInclude Include="Objects\Scenes\Stage\StageEnemyProfile.h">
      <Filter>Objects\SceneObject\Stage</Filter>
    </ClInclude>
    <ClInclude Include="Scripts\Camera\CamInstance.h">
      <Filter>Scripts\Camera</Filter>
    </ClInclude>
    <ClInclude Include="Scripts\SelectSeal\SelectSeal.h" />
    <ClInclude Include="Vignette.h" />
    <ClInclude Include="Scripts\End\EndBackground.h" />
    <ClInclude Include="Scripts\BubbleBox\BubbleEnd.h" />
    <ClInclude Include="Objects\Common\SignBoard.h">
      <Filter>Objects\Common</Filter>
    </ClInclude>
    <ClInclude Include="Objects\Common\BattleBoard.h">
      <Filter>Objects\Common</Filter>
    </ClInclude>
    <ClInclude Include="Objects\Manager\ThinkingPatternManager.h">
      <Filter>Objects\Manager</Filter>
    </ClInclude>
    <ClInclude Include="Objects\Common\BlinkNodeObject.h">
      <Filter>Objects\Common</Filter>
    </ClInclude>
    <ClInclude Include="Scenes\TutorialScene.h">
      <Filter>Scene\.h</Filter>
    </ClInclude>
    <ClInclude Include="Objects\Scenes\TutorialScene\TutorialPatternManager.h">
      <Filter>Objects\SceneObject\TutorialScene</Filter>
    </ClInclude>
    <ClInclude Include="Objects\Scenes\TutorialScene\TutorialControlObject.h">
      <Filter>Objects\SceneObject\TutorialScene</Filter>
    </ClInclude>
    <ClInclude Include="Scripts\Effect\EffectInstance2.h" />
  </ItemGroup>
</Project>