<?xml version="1.0" encoding="utf-8"?>
<Project ToolsVersion="4.0" xmlns="http://schemas.microsoft.com/developer/msbuild/2003">
  <ItemGroup>
    <ClCompile Include="game.cpp" />
    <ClCompile Include="HSKScene.cpp">
      <Filter>Scene</Filter>
    </ClCompile>
    <ClCompile Include="HSKApp.cpp">
      <Filter>App</Filter>
    </ClCompile>
    <ClCompile Include="PatternManager.cpp">
      <Filter>manag</Filter>
    </ClCompile>
    <ClCompile Include="NodeObj.cpp">
      <Filter>Obj</Filter>
    </ClCompile>
    <ClCompile Include="PatternDrawerComponent.cpp">
      <Filter>Comp</Filter>
    </ClCompile>
  </ItemGroup>
  <ItemGroup>
    <ClInclude Include="HSKScene.h">
      <Filter>Scene</Filter>
    </ClInclude>
    <ClInclude Include="HSKApp.h">
      <Filter>App</Filter>
    </ClInclude>
    <ClInclude Include="PatternManager.h">
      <Filter>manag</Filter>
    </ClInclude>
    <ClInclude Include="NodeObj.h">
      <Filter>Obj</Filter>
    </ClInclude>
    <ClInclude Include="PatternDrawerComponent.h">
      <Filter>Comp</Filter>
    </ClInclude>
  </ItemGroup>
  <ItemGroup>
    <Filter Include="Scene">
      <UniqueIdentifier>{b4ecf695-4052-4a06-a99a-d6a6d2414b29}</UniqueIdentifier>
    </Filter>
    <Filter Include="App">
      <UniqueIdentifier>{cb83a66b-ca2e-4d1f-af2d-135ecc4157bb}</UniqueIdentifier>
    </Filter>
    <Filter Include="Obj">
      <UniqueIdentifier>{3894e249-9d54-48e6-aa1d-563a886403f0}</UniqueIdentifier>
    </Filter>
    <Filter Include="Comp">
      <UniqueIdentifier>{5cc687f8-c2ed-4dae-8bf2-e4bee152f66a}</UniqueIdentifier>
    </Filter>
    <Filter Include="manag">
      <UniqueIdentifier>{954cd158-176f-4cb9-8722-9fa2ffdc7ba7}</UniqueIdentifier>
    </Filter>
  </ItemGroup>
</Project>