<?xml version="1.0" encoding="utf-8"?>
<Project ToolsVersion="4.0" xmlns="http://schemas.microsoft.com/developer/msbuild/2003">
  <ItemGroup>
    <ClCompile Include="GameLogicTestScene\GameLogicTestScene.cpp" />
    <ClCompile Include="LiveObject\LiveObject.cpp" />
    <ClCompile Include="LogicTestApplication\LogicTestApplication.cpp" />
    <ClCompile Include="LogicTestManager\BettleManager.cpp" />
    <ClCompile Include="game.cpp" />
    <ClCompile Include="LiveObject\Enemy.cpp" />
    <ClCompile Include="LiveObject\Player.cpp" />
  </ItemGroup>
  <ItemGroup>
    <ClInclude Include="GameLogicTestScene\GameLogicTestScene.h" />
    <ClInclude Include="LiveObject\LiveObject.h" />
    <ClInclude Include="LogicTestApplication\LogicTestApplication.h" />
    <ClInclude Include="LiveObject\Enemy.h" />
    <ClInclude Include="LiveObject\Player.h" />
  </ItemGroup>
</Project>