<?xml version="1.0" encoding="utf-8"?>
<Project ToolsVersion="4.0" xmlns="http://schemas.microsoft.com/developer/msbuild/2003">
  <ItemGroup>
    <ClCompile Include="GameLogicTestScene\GameLogicTestScene.cpp" />
    <ClCompile Include="LiveObject\LiveObject.cpp" />
    <ClCompile Include="LogicTestApplication\LogicTestApplication.cpp" />
    <ClCompile Include="LogicTestManager\BettleManager.cpp" />
    <ClCompile Include="game.cpp" />
    <ClCompile Include="LiveObject\Enemy.cpp" />
    <ClCompile Include="LiveObject\Player.cpp" />
    <ClCompile Include="CsvData\CsvDataManager.cpp" />
    <ClCompile Include="CsvData\DataClass\BaseData.cpp" />
    <ClCompile Include="CsvData\DataClass\AllNodePattenClass.cpp" />
    <ClCompile Include="CsvData\DataClass\EnemyAtkPattenData.cpp" />
    <ClCompile Include="CsvData\DataStorage\CsvDataStorage.cpp" />
    <ClCompile Include="CsvData\DataClass\EnemyData.cpp" />
    <ClCompile Include="CsvData\DataClass\PlayerData.cpp" />
    <ClCompile Include="Component\StateController.cpp" />
  </ItemGroup>
  <ItemGroup>
    <ClInclude Include="GameLogicTestScene\GameLogicTestScene.h" />
    <ClInclude Include="LiveObject\LiveObject.h" />
    <ClInclude Include="LogicTestApplication\LogicTestApplication.h" />
    <ClInclude Include="LiveObject\Enemy.h" />
    <ClInclude Include="LiveObject\Player.h" />
    <ClInclude Include="CsvData\CsvDataManager.h" />
    <ClInclude Include="CsvData\DataClass\BaseData.h" />
    <ClInclude Include="CsvData\DataClass\AllNodePattenClass.h" />
    <ClInclude Include="CsvData\DataClass\EnemyAtkPattenData.h" />
    <ClInclude Include="CsvData\DataStorage\CsvDataStorage.h" />
    <ClInclude Include="CsvData\DataClass\EnemyData.h" />
    <ClInclude Include="CsvData\DataClass\PlayerData.h" />
    <ClInclude Include="LogicTestManager\BettleManager.h" />
    <ClInclude Include="Component\StateController.h" />
  </ItemGroup>
</Project>